
Microsoft Visual Studio Solution File, Format Version 12.00
# Visual Studio 14
VisualStudioVersion = 14.0.25420.1
MinimumVisualStudioVersion = 10.0.40219.1
Project("{2150E333-8FDC-42A3-9474-1A3956D46DE8}") = "src", "src", "{C327F3E3-2DB5-439E-95A3-67D93A416287}"
EndProject
Project("{2150E333-8FDC-42A3-9474-1A3956D46DE8}") = "Solution Items", "Solution Items", "{EA04EF8D-5BCB-4493-B5DE-E4D7EAA8389F}"
	ProjectSection(SolutionItems) = preProject
		global.json = global.json
	EndProjectSection
EndProject
Project("{8BB2217D-0F2D-49D1-97BC-3654ED321F3B}") = "Core.Mongo.Console", "src\Core.Mongo.Console\Core.Mongo.Console.xproj", "{3AADA21C-0B51-425B-9171-CE2AAC280E52}"
EndProject
Global
	GlobalSection(SolutionConfigurationPlatforms) = preSolution
		Debug|Any CPU = Debug|Any CPU
		Release|Any CPU = Release|Any CPU
	EndGlobalSection
	GlobalSection(ProjectConfigurationPlatforms) = postSolution
		{3AADA21C-0B51-425B-9171-CE2AAC280E52}.Debug|Any CPU.ActiveCfg = Debug|Any CPU
		{3AADA21C-0B51-425B-9171-CE2AAC280E52}.Debug|Any CPU.Build.0 = Debug|Any CPU
		{3AADA21C-0B51-425B-9171-CE2AAC280E52}.Release|Any CPU.ActiveCfg = Release|Any CPU
		{3AADA21C-0B51-425B-9171-CE2AAC280E52}.Release|Any CPU.Build.0 = Release|Any CPU
	EndGlobalSection
	GlobalSection(SolutionProperties) = preSolution
		HideSolutionNode = FALSE
	EndGlobalSection
	GlobalSection(NestedProjects) = preSolution
		{3AADA21C-0B51-425B-9171-CE2AAC280E52} = {C327F3E3-2DB5-439E-95A3-67D93A416287}
	EndGlobalSection
EndGlobal
