
Microsoft Visual Studio Solution File, Format Version 12.00
# Visual Studio 14
VisualStudioVersion = 14.0.25420.1
MinimumVisualStudioVersion = 10.0.40219.1
Project("{2150E333-8FDC-42A3-9474-1A3956D46DE8}") = "Presentation", "Presentation", "{CA08A6B4-A41F-4528-AED2-542059F8FD4A}"
EndProject
Project("{2150E333-8FDC-42A3-9474-1A3956D46DE8}") = "Solution Items", "Solution Items", "{4C80614E-BCAF-4174-B033-E666F1E37625}"
	ProjectSection(SolutionItems) = preProject
		global.json = global.json
	EndProjectSection
EndProject
Project("{2150E333-8FDC-42A3-9474-1A3956D46DE8}") = "Application", "Application", "{794CB4AB-7FD4-42BC-91EE-175154DDD443}"
EndProject
Project("{2150E333-8FDC-42A3-9474-1A3956D46DE8}") = "BlogClub.Public", "BlogClub.Public", "{124DE620-3463-48E3-852F-BFD2B581239E}"
EndProject
Project("{2150E333-8FDC-42A3-9474-1A3956D46DE8}") = "BlogClub.Center", "BlogClub.Center", "{6FBFBA68-1535-4B38-BB0D-B5A37FDF669B}"
EndProject
Project("{2150E333-8FDC-42A3-9474-1A3956D46DE8}") = "Bussiness Logic", "Bussiness Logic", "{8163E353-B2ED-4D68-B881-568BDB73F89F}"
EndProject
Project("{2150E333-8FDC-42A3-9474-1A3956D46DE8}") = "DataAccess", "DataAccess", "{8B6DA06A-BDBD-430D-B0D9-22EC70BB0301}"
EndProject
Project("{2150E333-8FDC-42A3-9474-1A3956D46DE8}") = "Infrastructure", "Infrastructure", "{D7272E12-DFB2-458B-988A-04BF14B379B3}"
EndProject
Project("{2150E333-8FDC-42A3-9474-1A3956D46DE8}") = "Test", "Test", "{D74CDC38-D919-49E2-BC11-A09A48F46671}"
EndProject
Project("{8BB2217D-0F2D-49D1-97BC-3654ED321F3B}") = "BlogClub.Center.DataAccess", "BlogClub.Center.DataAccess\BlogClub.Center.DataAccess.xproj", "{5B04A024-CA73-4A5B-BCB7-D7CC4595864B}"
EndProject
Project("{2150E333-8FDC-42A3-9474-1A3956D46DE8}") = "BlogClub.Center", "BlogClub.Center", "{B10862A4-E16D-4210-949E-67812A943FAF}"
EndProject
Project("{8BB2217D-0F2D-49D1-97BC-3654ED321F3B}") = "BlogClub.Center.Service", "BlogClub.Center.Service\BlogClub.Center.Service.xproj", "{5E458612-9940-404C-A912-1CAFF2A87B1F}"
EndProject
Project("{8BB2217D-0F2D-49D1-97BC-3654ED321F3B}") = "BlogClub.Center.Entity", "BlogClub.Center.Entity\BlogClub.Center.Entity.xproj", "{00D25025-3D82-4AB5-8231-61CCCFD5EF97}"
EndProject
Global
	GlobalSection(SolutionConfigurationPlatforms) = preSolution
		Debug|Any CPU = Debug|Any CPU
		Release|Any CPU = Release|Any CPU
	EndGlobalSection
	GlobalSection(ProjectConfigurationPlatforms) = postSolution
		{5B04A024-CA73-4A5B-BCB7-D7CC4595864B}.Debug|Any CPU.ActiveCfg = Debug|Any CPU
		{5B04A024-CA73-4A5B-BCB7-D7CC4595864B}.Debug|Any CPU.Build.0 = Debug|Any CPU
		{5B04A024-CA73-4A5B-BCB7-D7CC4595864B}.Release|Any CPU.ActiveCfg = Release|Any CPU
		{5B04A024-CA73-4A5B-BCB7-D7CC4595864B}.Release|Any CPU.Build.0 = Release|Any CPU
		{5E458612-9940-404C-A912-1CAFF2A87B1F}.Debug|Any CPU.ActiveCfg = Debug|Any CPU
		{5E458612-9940-404C-A912-1CAFF2A87B1F}.Debug|Any CPU.Build.0 = Debug|Any CPU
		{5E458612-9940-404C-A912-1CAFF2A87B1F}.Release|Any CPU.ActiveCfg = Release|Any CPU
		{5E458612-9940-404C-A912-1CAFF2A87B1F}.Release|Any CPU.Build.0 = Release|Any CPU
		{00D25025-3D82-4AB5-8231-61CCCFD5EF97}.Debug|Any CPU.ActiveCfg = Debug|Any CPU
		{00D25025-3D82-4AB5-8231-61CCCFD5EF97}.Debug|Any CPU.Build.0 = Debug|Any CPU
		{00D25025-3D82-4AB5-8231-61CCCFD5EF97}.Release|Any CPU.ActiveCfg = Release|Any CPU
		{00D25025-3D82-4AB5-8231-61CCCFD5EF97}.Release|Any CPU.Build.0 = Release|Any CPU
	EndGlobalSection
	GlobalSection(SolutionProperties) = preSolution
		HideSolutionNode = FALSE
	EndGlobalSection
	GlobalSection(NestedProjects) = preSolution
		{124DE620-3463-48E3-852F-BFD2B581239E} = {794CB4AB-7FD4-42BC-91EE-175154DDD443}
		{6FBFBA68-1535-4B38-BB0D-B5A37FDF669B} = {794CB4AB-7FD4-42BC-91EE-175154DDD443}
		{5B04A024-CA73-4A5B-BCB7-D7CC4595864B} = {B10862A4-E16D-4210-949E-67812A943FAF}
		{B10862A4-E16D-4210-949E-67812A943FAF} = {8B6DA06A-BDBD-430D-B0D9-22EC70BB0301}
		{5E458612-9940-404C-A912-1CAFF2A87B1F} = {6FBFBA68-1535-4B38-BB0D-B5A37FDF669B}
		{00D25025-3D82-4AB5-8231-61CCCFD5EF97} = {B10862A4-E16D-4210-949E-67812A943FAF}
	EndGlobalSection
EndGlobal
